{
  "name": "js",
  "lockfileVersion": 2,
  "requires": true,
  "packages": {
    "": {
      "dependencies": {
        "weather-underground-icons": "^1.0.0"
      }
    },
    "node_modules/weather-underground-icons": {
      "version": "1.0.0",
      "resolved": "https://registry.npmjs.org/weather-underground-icons/-/weather-underground-icons-1.0.0.tgz",
      "integrity": "sha512-jMmxddYVbEgkUc/oevjRdBa0K6jvbCLfkejWdR7xN0LdvjFy4ARtmVP9ceySpfjtI5EwCGXKPlKHifiSoB61VQ=="
    }
  },
  "dependencies": {
    "weather-underground-icons": {
      "version": "1.0.0",
      "resolved": "https://registry.npmjs.org/weather-underground-icons/-/weather-underground-icons-1.0.0.tgz",
      "integrity": "sha512-jMmxddYVbEgkUc/oevjRdBa0K6jvbCLfkejWdR7xN0LdvjFy4ARtmVP9ceySpfjtI5EwCGXKPlKHifiSoB61VQ=="
    }
  }
}
